// !$*UTF8*$!
{
	archiveVersion = 1;
	classes = {
	};
	objectVersion = 46;
	objects = {

/* Begin PBXBuildFile section */
		AB5E78211D73576600C62698 /* AppDelegate.swift in Sources */ = {isa = PBXBuildFile; fileRef = AB5E78201D73576600C62698 /* AppDelegate.swift */; };
		AB5E78231D73576600C62698 /* ViewController.swift in Sources */ = {isa = PBXBuildFile; fileRef = AB5E78221D73576600C62698 /* ViewController.swift */; };
		AB5E78261D73576600C62698 /* Main.storyboard in Resources */ = {isa = PBXBuildFile; fileRef = AB5E78241D73576600C62698 /* Main.storyboard */; };
		AB5E78281D73576600C62698 /* Assets.xcassets in Resources */ = {isa = PBXBuildFile; fileRef = AB5E78271D73576600C62698 /* Assets.xcassets */; };
		AB5E782B1D73576600C62698 /* LaunchScreen.storyboard in Resources */ = {isa = PBXBuildFile; fileRef = AB5E78291D73576600C62698 /* LaunchScreen.storyboard */; };
		AB5E78341D7357C900C62698 /* XFPS.swift in Sources */ = {isa = PBXBuildFile; fileRef = AB5E78331D7357C900C62698 /* XFPS.swift */; };
		AB5E78401D7357E300C62698 /* ComplexCell.swift in Sources */ = {isa = PBXBuildFile; fileRef = AB5E783B1D7357E300C62698 /* ComplexCell.swift */; };
		AB5E78411D7357E300C62698 /* ComplexCell.xib in Resources */ = {isa = PBXBuildFile; fileRef = AB5E783C1D7357E300C62698 /* ComplexCell.xib */; };
/* End PBXBuildFile section */

/* Begin PBXFileReference section */
		AB5E781D1D73576600C62698 /* FPSDemo.app */ = {isa = PBXFileReference; explicitFileType = wrapper.application; includeInIndex = 0; path = FPSDemo.app; sourceTree = BUILT_PRODUCTS_DIR; };
		AB5E78201D73576600C62698 /* AppDelegate.swift */ = {isa = PBXFileReference; lastKnownFileType = sourcecode.swift; path = AppDelegate.swift; sourceTree = "<group>"; };
		AB5E78221D73576600C62698 /* ViewController.swift */ = {isa = PBXFileReference; lastKnownFileType = sourcecode.swift; path = ViewController.swift; sourceTree = "<group>"; };
		AB5E78251D73576600C62698 /* Base */ = {isa = PBXFileReference; lastKnownFileType = file.storyboard; name = Base; path = Base.lproj/Main.storyboard; sourceTree = "<group>"; };
		AB5E78271D73576600C62698 /* Assets.xcassets */ = {isa = PBXFileReference; lastKnownFileType = folder.assetcatalog; path = Assets.xcassets; sourceTree = "<group>"; };
		AB5E782A1D73576600C62698 /* Base */ = {isa = PBXFileReference; lastKnownFileType = file.storyboard; name = Base; path = Base.lproj/LaunchScreen.storyboard; sourceTree = "<group>"; };
		AB5E782C1D73576600C62698 /* Info.plist */ = {isa = PBXFileReference; lastKnownFileType = text.plist.xml; path = Info.plist; sourceTree = "<group>"; };
		AB5E78331D7357C900C62698 /* XFPS.swift */ = {isa = PBXFileReference; fileEncoding = 4; lastKnownFileType = sourcecode.swift; path = XFPS.swift; sourceTree = "<group>"; };
		AB5E783B1D7357E300C62698 /* ComplexCell.swift */ = {isa = PBXFileReference; fileEncoding = 4; lastKnownFileType = sourcecode.swift; path = ComplexCell.swift; sourceTree = "<group>"; };
		AB5E783C1D7357E300C62698 /* ComplexCell.xib */ = {isa = PBXFileReference; fileEncoding = 4; lastKnownFileType = file.xib; path = ComplexCell.xib; sourceTree = "<group>"; };
/* End PBXFileReference section */

/* Begin PBXFrameworksBuildPhase section */
		AB5E781A1D73576600C62698 /* Frameworks */ = {
			isa = PBXFrameworksBuildPhase;
			buildActionMask = 2147483647;
			files = (
			);
			runOnlyForDeploymentPostprocessing = 0;
		};
/* End PBXFrameworksBuildPhase section */

/* Begin PBXGroup section */
		AB5E78141D73576600C62698 = {
			isa = PBXGroup;
			children = (
				AB5E78321D73577B00C62698 /* FPS */,
				AB5E781F1D73576600C62698 /* FPSDemo */,
				AB5E781E1D73576600C62698 /* Products */,
			);
			sourceTree = "<group>";
		};
		AB5E781E1D73576600C62698 /* Products */ = {
			isa = PBXGroup;
			children = (
				AB5E781D1D73576600C62698 /* FPSDemo.app */,
			);
			name = Products;
			sourceTree = "<group>";
		};
		AB5E781F1D73576600C62698 /* FPSDemo */ = {
			isa = PBXGroup;
			children = (
				AB5E783B1D7357E300C62698 /* ComplexCell.swift */,
				AB5E783C1D7357E300C62698 /* ComplexCell.xib */,
				AB5E78201D73576600C62698 /* AppDelegate.swift */,
				AB5E78221D73576600C62698 /* ViewController.swift */,
				AB5E78241D73576600C62698 /* Main.storyboard */,
				AB5E78271D73576600C62698 /* Assets.xcassets */,
				AB5E78291D73576600C62698 /* LaunchScreen.storyboard */,
				AB5E782C1D73576600C62698 /* Info.plist */,
			);
			path = FPSDemo;
			sourceTree = "<group>";
		};
		AB5E78321D73577B00C62698 /* FPS */ = {
			isa = PBXGroup;
			children = (
				AB5E78331D7357C900C62698 /* XFPS.swift */,
			);
			path = FPS;
			sourceTree = "<group>";
		};
/* End PBXGroup section */

/* Begin PBXNativeTarget section */
		AB5E781C1D73576600C62698 /* FPSDemo */ = {
			isa = PBXNativeTarget;
			buildConfigurationList = AB5E782F1D73576600C62698 /* Build configuration list for PBXNativeTarget "FPSDemo" */;
			buildPhases = (
				AB5E78191D73576600C62698 /* Sources */,
				AB5E781A1D73576600C62698 /* Frameworks */,
				AB5E781B1D73576600C62698 /* Resources */,
			);
			buildRules = (
			);
			dependencies = (
			);
			name = FPSDemo;
			productName = FPSDemo;
			productReference = AB5E781D1D73576600C62698 /* FPSDemo.app */;
			productType = "com.apple.product-type.application";
		};
/* End PBXNativeTarget section */

/* Begin PBXProject section */
		AB5E78151D73576600C62698 /* Project object */ = {
			isa = PBXProject;
			attributes = {
				LastSwiftUpdateCheck = 0730;
				LastUpgradeCheck = 0730;
				ORGANIZATIONNAME = dimsky;
				TargetAttributes = {
					AB5E781C1D73576600C62698 = {
						CreatedOnToolsVersion = 7.3;
					};
				};
			};
			buildConfigurationList = AB5E78181D73576600C62698 /* Build configuration list for PBXProject "FPSDemo" */;
			compatibilityVersion = "Xcode 3.2";
			developmentRegion = English;
			hasScannedForEncodings = 0;
			knownRegions = (
				en,
				Base,
			);
			mainGroup = AB5E78141D73576600C62698;
			productRefGroup = AB5E781E1D73576600C62698 /* Products */;
			projectDirPath = "";
			projectRoot = "";
			targets = (
				AB5E781C1D73576600C62698 /* FPSDemo */,
			);
		};
/* End PBXProject section */

/* Begin PBXResourcesBuildPhase section */
		AB5E781B1D73576600C62698 /* Resources */ = {
			isa = PBXResourcesBuildPhase;
			buildActionMask = 2147483647;
			files = (
				AB5E782B1D73576600C62698 /* LaunchScreen.storyboard in Resources */,
				AB5E78281D73576600C62698 /* Assets.xcassets in Resources */,
				AB5E78411D7357E300C62698 /* ComplexCell.xib in Resources */,
				AB5E78261D73576600C62698 /* Main.storyboard in Resources */,
			);
			runOnlyForDeploymentPostprocessing = 0;
		};
/* End PBXResourcesBuildPhase section */

/* Begin PBXSourcesBuildPhase section */
		AB5E78191D73576600C62698 /* Sources */ = {
			isa = PBXSourcesBuildPhase;
			buildActionMask = 2147483647;
			files = (
				AB5E78401D7357E300C62698 /* ComplexCell.swift in Sources */,
				AB5E78231D73576600C62698 /* ViewController.swift in Sources */,
				AB5E78211D73576600C62698 /* AppDelegate.swift in Sources */,
				AB5E78341D7357C900C62698 /* XFPS.swift in Sources */,
			);
			runOnlyForDeploymentPostprocessing = 0;
		};
/* End PBXSourcesBuildPhase section */

/* Begin PBXVariantGroup section */
		AB5E78241D73576600C62698 /* Main.storyboard */ = {
			isa = PBXVariantGroup;
			children = (
				AB5E78251D73576600C62698 /* Base */,
			);
			name = Main.storyboard;
			sourceTree = "<group>";
		};
		AB5E78291D73576600C62698 /* LaunchScreen.storyboard */ = {
			isa = PBXVariantGroup;
			children = (
				AB5E782A1D73576600C62698 /* Base */,
			);
			name = LaunchScreen.storyboard;
			sourceTree = "<group>";
		};
/* End PBXVariantGroup section */

/* Begin XCBuildConfiguration section */
		AB5E782D1D73576600C62698 /* Debug */ = {
			isa = XCBuildConfiguration;
			buildSettings = {
				ALWAYS_SEARCH_USER_PATHS = NO;
				CLANG_ANALYZER_NONNULL = YES;
				CLANG_CXX_LANGUAGE_STANDARD = "gnu++0x";
				CLANG_CXX_LIBRARY = "libc++";
				CLANG_ENABLE_MODULES = YES;
				CLANG_ENABLE_OBJC_ARC = YES;
				CLANG_WARN_BOOL_CONVERSION = YES;
				CLANG_WARN_CONSTANT_CONVERSION = YES;
				CLANG_WARN_DIRECT_OBJC_ISA_USAGE = YES_ERROR;
				CLANG_WARN_EMPTY_BODY = YES;
				CLANG_WARN_ENUM_CONVERSION = YES;
				CLANG_WARN_INT_CONVERSION = YES;
				CLANG_WARN_OBJC_ROOT_CLASS = YES_ERROR;
				CLANG_WARN_UNREACHABLE_CODE = YES;
				CLANG_WARN__DUPLICATE_METHOD_MATCH = YES;
				"CODE_SIGN_IDENTITY[sdk=iphoneos*]" = "iPhone Developer";
				COPY_PHASE_STRIP = NO;
				DEBUG_INFORMATION_FORMAT = dwarf;
				ENABLE_STRICT_OBJC_MSGSEND = YES;
				ENABLE_TESTABILITY = YES;
				GCC_C_LANGUAGE_STANDARD = gnu99;
				GCC_DYNAMIC_NO_PIC = NO;
				GCC_NO_COMMON_BLOCKS = YES;
				GCC_OPTIMIZATION_LEVEL = 0;
				GCC_PREPROCESSOR_DEFINITIONS = (
					"DEBUG=1",
					"$(inherited)",
				);
				GCC_WARN_64_TO_32_BIT_CONVERSION = YES;
				GCC_WARN_ABOUT_RETURN_TYPE = YES_ERROR;
				GCC_WARN_UNDECLARED_SELECTOR = YES;
				GCC_WARN_UNINITIALIZED_AUTOS = YES_AGGRESSIVE;
				GCC_WARN_UNUSED_FUNCTION = YES;
				GCC_WARN_UNUSED_VARIABLE = YES;
				IPHONEOS_DEPLOYMENT_TARGET = 9.3;
				MTL_ENABLE_DEBUG_INFO = YES;
				ONLY_ACTIVE_ARCH = YES;
				SDKROOT = iphoneos;
				SWIFT_OPTIMIZATION_LEVEL = "-Onone";
				TARGETED_DEVICE_FAMILY = "1,2";
			};
			name = Debug;
		};
		AB5E782E1D73576600C62698 /* Release */ = {
			isa = XCBuildConfiguration;
			buildSettings = {
				ALWAYS_SEARCH_USER_PATHS = NO;
				CLANG_ANALYZER_NONNULL = YES;
				CLANG_CXX_LANGUAGE_STANDARD = "gnu++0x";
				CLANG_CXX_LIBRARY = "libc++";
				CLANG_ENABLE_MODULES = YES;
				CLANG_ENABLE_OBJC_ARC = YES;
				CLANG_WARN_BOOL_CONVERSION = YES;
				CLANG_WARN_CONSTANT_CONVERSION = YES;
				CLANG_WARN_DIRECT_OBJC_ISA_USAGE = YES_ERROR;
				CLANG_WARN_EMPTY_BODY = YES;
				CLANG_WARN_ENUM_CONVERSION = YES;
				CLANG_WARN_INT_CONVERSION = YES;
				CLANG_WARN_OBJC_ROOT_CLASS = YES_ERROR;
				CLANG_WARN_UNREACHABLE_CODE = YES;
				CLANG_WARN__DUPLICATE_METHOD_MATCH = YES;
				"CODE_SIGN_IDENTITY[sdk=iphoneos*]" = "iPhone Developer";
				COPY_PHASE_STRIP = NO;
				DEBUG_INFORMATION_FORMAT = "dwarf-with-dsym";
				ENABLE_NS_ASSERTIONS = NO;
				ENABLE_STRICT_OBJC_MSGSEND = YES;
				GCC_C_LANGUAGE_STANDARD = gnu99;
				GCC_NO_COMMON_BLOCKS = YES;
				GCC_WARN_64_TO_32_BIT_CONVERSION = YES;
				GCC_WARN_ABOUT_RETURN_TYPE = YES_ERROR;
				GCC_WARN_UNDECLARED_SELECTOR = YES;
				GCC_WARN_UNINITIALIZED_AUTOS = YES_AGGRESSIVE;
				GCC_WARN_UNUSED_FUNCTION = YES;
				GCC_WARN_UNUSED_VARIABLE = YES;
				IPHONEOS_DEPLOYMENT_TARGET = 9.3;
				MTL_ENABLE_DEBUG_INFO = NO;
				SDKROOT = iphoneos;
				TARGETED_DEVICE_FAMILY = "1,2";
				VALIDATE_PRODUCT = YES;
			};
			name = Release;
		};
		AB5E78301D73576600C62698 /* Debug */ = {
			isa = XCBuildConfiguration;
			buildSettings = {
				ASSETCATALOG_COMPILER_APPICON_NAME = AppIcon;
				INFOPLIST_FILE = FPSDemo/Info.plist;
				LD_RUNPATH_SEARCH_PATHS = "$(inherited) @executable_path/Frameworks";
				PRODUCT_BUNDLE_IDENTIFIER = com.dimsky.FPSDemo;
				PRODUCT_NAME = "$(TARGET_NAME)";
			};
			name = Debug;
		};
		AB5E78311D73576600C62698 /* Release */ = {
			isa = XCBuildConfiguration;
			buildSettings = {
				ASSETCATALOG_COMPILER_APPICON_NAME = AppIcon;
				INFOPLIST_FILE = FPSDemo/Info.plist;
				LD_RUNPATH_SEARCH_PATHS = "$(inherited) @executable_path/Frameworks";
				PRODUCT_BUNDLE_IDENTIFIER = com.dimsky.FPSDemo;
				PRODUCT_NAME = "$(TARGET_NAME)";
			};
			name = Release;
		};
/* End XCBuildConfiguration section */

/* Begin XCConfigurationList section */
		AB5E78181D73576600C62698 /* Build configuration list for PBXProject "FPSDemo" */ = {
			isa = XCConfigurationList;
			buildConfigurations = (
				AB5E782D1D73576600C62698 /* Debug */,
				AB5E782E1D73576600C62698 /* Release */,
			);
			defaultConfigurationIsVisible = 0;
			defaultConfigurationName = Release;
		};
		AB5E782F1D73576600C62698 /* Build configuration list for PBXNativeTarget "FPSDemo" */ = {
			isa = XCConfigurationList;
			buildConfigurations = (
				AB5E78301D73576600C62698 /* Debug */,
				AB5E78311D73576600C62698 /* Release */,
			);
			defaultConfigurationIsVisible = 0;
		};
/* End XCConfigurationList section */
	};
	rootObject = AB5E78151D73576600C62698 /* Project object */;
}
